// !$*UTF8*$!
{
	archiveVersion = 1;
	classes = {
	};
	objectVersion = 52;
	objects = {

/* Begin PBXBuildFile section */
		7E4056E025B19F0500DCBBF2 /* AppDelegate.swift in Sources */ = {isa = PBXBuildFile; fileRef = 7E4056DF25B19F0500DCBBF2 /* AppDelegate.swift */; };
		7E4056E225B19F0500DCBBF2 /* SceneDelegate.swift in Sources */ = {isa = PBXBuildFile; fileRef = 7E4056E125B19F0500DCBBF2 /* SceneDelegate.swift */; };
		7E4056E425B19F0500DCBBF2 /* ViewController.swift in Sources */ = {isa = PBXBuildFile; fileRef = 7E4056E325B19F0500DCBBF2 /* ViewController.swift */; };
		7E4056E725B19F0500DCBBF2 /* Main.storyboard in Resources */ = {isa = PBXBuildFile; fileRef = 7E4056E525B19F0500DCBBF2 /* Main.storyboard */; };
		7E4056E925B19F0500DCBBF2 /* Assets.xcassets in Resources */ = {isa = PBXBuildFile; fileRef = 7E4056E825B19F0500DCBBF2 /* Assets.xcassets */; };
		7E4056EC25B19F0500DCBBF2 /* LaunchScreen.storyboard in Resources */ = {isa = PBXBuildFile; fileRef = 7E4056EA25B19F0500DCBBF2 /* LaunchScreen.storyboard */; };
		7E41A71025B27CC800012AAB /* CombineViewController.swift in Sources */ = {isa = PBXBuildFile; fileRef = 7E41A70F25B27CC800012AAB /* CombineViewController.swift */; };
		7E46AEDB25B1CB7D0074A278 /* DataSource.swift in Sources */ = {isa = PBXBuildFile; fileRef = 7E46AEDA25B1CB7D0074A278 /* DataSource.swift */; };
		7E46AEDE25B1D0960074A278 /* SwiftUIListView.swift in Sources */ = {isa = PBXBuildFile; fileRef = 7E46AEDD25B1D0960074A278 /* SwiftUIListView.swift */; };
		7E690BBC25B19F65002FBF80 /* RxSwift in Frameworks */ = {isa = PBXBuildFile; productRef = 7E690BBB25B19F65002FBF80 /* RxSwift */; };
		7E690BBE25B19F65002FBF80 /* RxCocoa in Frameworks */ = {isa = PBXBuildFile; productRef = 7E690BBD25B19F65002FBF80 /* RxCocoa */; };
		7E690BC025B19F65002FBF80 /* RxRelay in Frameworks */ = {isa = PBXBuildFile; productRef = 7E690BBF25B19F65002FBF80 /* RxRelay */; };
		7E690BC625B1A107002FBF80 /* RxViewController.swift in Sources */ = {isa = PBXBuildFile; fileRef = 7E690BC525B1A107002FBF80 /* RxViewController.swift */; };
		7E690BCF25B1C075002FBF80 /* Cell.swift in Sources */ = {isa = PBXBuildFile; fileRef = 7E690BCE25B1C075002FBF80 /* Cell.swift */; };
/* End PBXBuildFile section */

/* Begin PBXFileReference section */
		7E4056DC25B19F0500DCBBF2 /* BindingWithCell.app */ = {isa = PBXFileReference; explicitFileType = wrapper.application; includeInIndex = 0; path = BindingWithCell.app; sourceTree = BUILT_PRODUCTS_DIR; };
		7E4056DF25B19F0500DCBBF2 /* AppDelegate.swift */ = {isa = PBXFileReference; lastKnownFileType = sourcecode.swift; path = AppDelegate.swift; sourceTree = "<group>"; };
		7E4056E125B19F0500DCBBF2 /* SceneDelegate.swift */ = {isa = PBXFileReference; lastKnownFileType = sourcecode.swift; path = SceneDelegate.swift; sourceTree = "<group>"; };
		7E4056E325B19F0500DCBBF2 /* ViewController.swift */ = {isa = PBXFileReference; lastKnownFileType = sourcecode.swift; path = ViewController.swift; sourceTree = "<group>"; };
		7E4056E625B19F0500DCBBF2 /* Base */ = {isa = PBXFileReference; lastKnownFileType = file.storyboard; name = Base; path = Base.lproj/Main.storyboard; sourceTree = "<group>"; };
		7E4056E825B19F0500DCBBF2 /* Assets.xcassets */ = {isa = PBXFileReference; lastKnownFileType = folder.assetcatalog; path = Assets.xcassets; sourceTree = "<group>"; };
		7E4056EB25B19F0500DCBBF2 /* Base */ = {isa = PBXFileReference; lastKnownFileType = file.storyboard; name = Base; path = Base.lproj/LaunchScreen.storyboard; sourceTree = "<group>"; };
		7E4056ED25B19F0500DCBBF2 /* Info.plist */ = {isa = PBXFileReference; lastKnownFileType = text.plist.xml; path = Info.plist; sourceTree = "<group>"; };
		7E41A70F25B27CC800012AAB /* CombineViewController.swift */ = {isa = PBXFileReference; lastKnownFileType = sourcecode.swift; path = CombineViewController.swift; sourceTree = "<group>"; };
		7E46AEDA25B1CB7D0074A278 /* DataSource.swift */ = {isa = PBXFileReference; lastKnownFileType = sourcecode.swift; path = DataSource.swift; sourceTree = "<group>"; };
		7E46AEDD25B1D0960074A278 /* SwiftUIListView.swift */ = {isa = PBXFileReference; lastKnownFileType = sourcecode.swift; path = SwiftUIListView.swift; sourceTree = "<group>"; };
		7E690BC525B1A107002FBF80 /* RxViewController.swift */ = {isa = PBXFileReference; lastKnownFileType = sourcecode.swift; path = RxViewController.swift; sourceTree = "<group>"; };
		7E690BCE25B1C075002FBF80 /* Cell.swift */ = {isa = PBXFileReference; lastKnownFileType = sourcecode.swift; path = Cell.swift; sourceTree = "<group>"; };
/* End PBXFileReference section */

/* Begin PBXFrameworksBuildPhase section */
		7E4056D925B19F0500DCBBF2 /* Frameworks */ = {
			isa = PBXFrameworksBuildPhase;
			buildActionMask = 2147483647;
			files = (
				7E690BC025B19F65002FBF80 /* RxRelay in Frameworks */,
				7E690BBE25B19F65002FBF80 /* RxCocoa in Frameworks */,
				7E690BBC25B19F65002FBF80 /* RxSwift in Frameworks */,
			);
			runOnlyForDeploymentPostprocessing = 0;
		};
/* End PBXFrameworksBuildPhase section */

/* Begin PBXGroup section */
		7E4056D325B19F0500DCBBF2 = {
			isa = PBXGroup;
			children = (
				7E4056DE25B19F0500DCBBF2 /* BindingWithCell */,
				7E4056DD25B19F0500DCBBF2 /* Products */,
			);
			sourceTree = "<group>";
		};
		7E4056DD25B19F0500DCBBF2 /* Products */ = {
			isa = PBXGroup;
			children = (
				7E4056DC25B19F0500DCBBF2 /* BindingWithCell.app */,
			);
			name = Products;
			sourceTree = "<group>";
		};
		7E4056DE25B19F0500DCBBF2 /* BindingWithCell */ = {
			isa = PBXGroup;
			children = (
				7E4056DF25B19F0500DCBBF2 /* AppDelegate.swift */,
				7E4056E125B19F0500DCBBF2 /* SceneDelegate.swift */,
				7E4056E325B19F0500DCBBF2 /* ViewController.swift */,
				7E4056E525B19F0500DCBBF2 /* Main.storyboard */,
				7E4056E825B19F0500DCBBF2 /* Assets.xcassets */,
				7E4056EA25B19F0500DCBBF2 /* LaunchScreen.storyboard */,
				7E4056ED25B19F0500DCBBF2 /* Info.plist */,
				7E690BC525B1A107002FBF80 /* RxViewController.swift */,
				7E690BCE25B1C075002FBF80 /* Cell.swift */,
				7E46AEDA25B1CB7D0074A278 /* DataSource.swift */,
				7E46AEDD25B1D0960074A278 /* SwiftUIListView.swift */,
				7E41A70F25B27CC800012AAB /* CombineViewController.swift */,
			);
			path = BindingWithCell;
			sourceTree = "<group>";
		};
/* End PBXGroup section */

/* Begin PBXNativeTarget section */
		7E4056DB25B19F0500DCBBF2 /* BindingWithCell */ = {
			isa = PBXNativeTarget;
			buildConfigurationList = 7E4056F025B19F0500DCBBF2 /* Build configuration list for PBXNativeTarget "BindingWithCell" */;
			buildPhases = (
				7E4056D825B19F0500DCBBF2 /* Sources */,
				7E4056D925B19F0500DCBBF2 /* Frameworks */,
				7E4056DA25B19F0500DCBBF2 /* Resources */,
			);
			buildRules = (
			);
			dependencies = (
			);
			name = BindingWithCell;
			packageProductDependencies = (
				7E690BBB25B19F65002FBF80 /* RxSwift */,
				7E690BBD25B19F65002FBF80 /* RxCocoa */,
				7E690BBF25B19F65002FBF80 /* RxRelay */,
			);
			productName = BindingWithCell;
			productReference = 7E4056DC25B19F0500DCBBF2 /* BindingWithCell.app */;
			productType = "com.apple.product-type.application";
		};
/* End PBXNativeTarget section */

/* Begin PBXProject section */
		7E4056D425B19F0500DCBBF2 /* Project object */ = {
			isa = PBXProject;
			attributes = {
				LastSwiftUpdateCheck = 1230;
				LastUpgradeCheck = 1230;
				TargetAttributes = {
					7E4056DB25B19F0500DCBBF2 = {
						CreatedOnToolsVersion = 12.3;
					};
				};
			};
			buildConfigurationList = 7E4056D725B19F0500DCBBF2 /* Build configuration list for PBXProject "BindingWithCell" */;
			compatibilityVersion = "Xcode 9.3";
			developmentRegion = en;
			hasScannedForEncodings = 0;
			knownRegions = (
				en,
				Base,
			);
			mainGroup = 7E4056D325B19F0500DCBBF2;
			packageReferences = (
				7E690BBA25B19F65002FBF80 /* XCRemoteSwiftPackageReference "RxSwift" */,
			);
			productRefGroup = 7E4056DD25B19F0500DCBBF2 /* Products */;
			projectDirPath = "";
			projectRoot = "";
			targets = (
				7E4056DB25B19F0500DCBBF2 /* BindingWithCell */,
			);
		};
/* End PBXProject section */

/* Begin PBXResourcesBuildPhase section */
		7E4056DA25B19F0500DCBBF2 /* Resources */ = {
			isa = PBXResourcesBuildPhase;
			buildActionMask = 2147483647;
			files = (
				7E4056EC25B19F0500DCBBF2 /* LaunchScreen.storyboard in Resources */,
				7E4056E925B19F0500DCBBF2 /* Assets.xcassets in Resources */,
				7E4056E725B19F0500DCBBF2 /* Main.storyboard in Resources */,
			);
			runOnlyForDeploymentPostprocessing = 0;
		};
/* End PBXResourcesBuildPhase section */

/* Begin PBXSourcesBuildPhase section */
		7E4056D825B19F0500DCBBF2 /* Sources */ = {
			isa = PBXSourcesBuildPhase;
			buildActionMask = 2147483647;
			files = (
				7E46AEDB25B1CB7D0074A278 /* DataSource.swift in Sources */,
				7E41A71025B27CC800012AAB /* CombineViewController.swift in Sources */,
				7E4056E425B19F0500DCBBF2 /* ViewController.swift in Sources */,
				7E4056E025B19F0500DCBBF2 /* AppDelegate.swift in Sources */,
				7E4056E225B19F0500DCBBF2 /* SceneDelegate.swift in Sources */,
				7E46AEDE25B1D0960074A278 /* SwiftUIListView.swift in Sources */,
				7E690BC625B1A107002FBF80 /* RxViewController.swift in Sources */,
				7E690BCF25B1C075002FBF80 /* Cell.swift in Sources */,
			);
			runOnlyForDeploymentPostprocessing = 0;
		};
/* End PBXSourcesBuildPhase section */

/* Begin PBXVariantGroup section */
		7E4056E525B19F0500DCBBF2 /* Main.storyboard */ = {
			isa = PBXVariantGroup;
			children = (
				7E4056E625B19F0500DCBBF2 /* Base */,
			);
			name = Main.storyboard;
			sourceTree = "<group>";
		};
		7E4056EA25B19F0500DCBBF2 /* LaunchScreen.storyboard */ = {
			isa = PBXVariantGroup;
			children = (
				7E4056EB25B19F0500DCBBF2 /* Base */,
			);
			name = LaunchScreen.storyboard;
			sourceTree = "<group>";
		};
/* End PBXVariantGroup section */

/* Begin XCBuildConfiguration section */
		7E4056EE25B19F0500DCBBF2 /* Debug */ = {
			isa = XCBuildConfiguration;
			buildSettings = {
				ALWAYS_SEARCH_USER_PATHS = NO;
				CLANG_ANALYZER_NONNULL = YES;
				CLANG_ANALYZER_NUMBER_OBJECT_CONVERSION = YES_AGGRESSIVE;
				CLANG_CXX_LANGUAGE_STANDARD = "gnu++14";
				CLANG_CXX_LIBRARY = "libc++";
				CLANG_ENABLE_MODULES = YES;
				CLANG_ENABLE_OBJC_ARC = YES;
				CLANG_ENABLE_OBJC_WEAK = YES;
				CLANG_WARN_BLOCK_CAPTURE_AUTORELEASING = YES;
				CLANG_WARN_BOOL_CONVERSION = YES;
				CLANG_WARN_COMMA = YES;
				CLANG_WARN_CONSTANT_CONVERSION = YES;
				CLANG_WARN_DEPRECATED_OBJC_IMPLEMENTATIONS = YES;
				CLANG_WARN_DIRECT_OBJC_ISA_USAGE = YES_ERROR;
				CLANG_WARN_DOCUMENTATION_COMMENTS = YES;
				CLANG_WARN_EMPTY_BODY = YES;
				CLANG_WARN_ENUM_CONVERSION = YES;
				CLANG_WARN_INFINITE_RECURSION = YES;
				CLANG_WARN_INT_CONVERSION = YES;
				CLANG_WARN_NON_LITERAL_NULL_CONVERSION = YES;
				CLANG_WARN_OBJC_IMPLICIT_RETAIN_SELF = YES;
				CLANG_WARN_OBJC_LITERAL_CONVERSION = YES;
				CLANG_WARN_OBJC_ROOT_CLASS = YES_ERROR;
				CLANG_WARN_QUOTED_INCLUDE_IN_FRAMEWORK_HEADER = YES;
				CLANG_WARN_RANGE_LOOP_ANALYSIS = YES;
				CLANG_WARN_STRICT_PROTOTYPES = YES;
				CLANG_WARN_SUSPICIOUS_MOVE = YES;
				CLANG_WARN_UNGUARDED_AVAILABILITY = YES_AGGRESSIVE;
				CLANG_WARN_UNREACHABLE_CODE = YES;
				CLANG_WARN__DUPLICATE_METHOD_MATCH = YES;
				COPY_PHASE_STRIP = NO;
				DEBUG_INFORMATION_FORMAT = dwarf;
				ENABLE_STRICT_OBJC_MSGSEND = YES;
				ENABLE_TESTABILITY = YES;
				GCC_C_LANGUAGE_STANDARD = gnu11;
				GCC_DYNAMIC_NO_PIC = NO;
				GCC_NO_COMMON_BLOCKS = YES;
				GCC_OPTIMIZATION_LEVEL = 0;
				GCC_PREPROCESSOR_DEFINITIONS = (
					"DEBUG=1",
					"$(inherited)",
				);
				GCC_WARN_64_TO_32_BIT_CONVERSION = YES;
				GCC_WARN_ABOUT_RETURN_TYPE = YES_ERROR;
				GCC_WARN_UNDECLARED_SELECTOR = YES;
				GCC_WARN_UNINITIALIZED_AUTOS = YES_AGGRESSIVE;
				GCC_WARN_UNUSED_FUNCTION = YES;
				GCC_WARN_UNUSED_VARIABLE = YES;
				IPHONEOS_DEPLOYMENT_TARGET = 14.3;
				MTL_ENABLE_DEBUG_INFO = INCLUDE_SOURCE;
				MTL_FAST_MATH = YES;
				ONLY_ACTIVE_ARCH = YES;
				SDKROOT = iphoneos;
				SWIFT_ACTIVE_COMPILATION_CONDITIONS = DEBUG;
				SWIFT_OPTIMIZATION_LEVEL = "-Onone";
			};
			name = Debug;
		};
		7E4056EF25B19F0500DCBBF2 /* Release */ = {
			isa = XCBuildConfiguration;
			buildSettings = {
				ALWAYS_SEARCH_USER_PATHS = NO;
				CLANG_ANALYZER_NONNULL = YES;
				CLANG_ANALYZER_NUMBER_OBJECT_CONVERSION = YES_AGGRESSIVE;
				CLANG_CXX_LANGUAGE_STANDARD = "gnu++14";
				CLANG_CXX_LIBRARY = "libc++";
				CLANG_ENABLE_MODULES = YES;
				CLANG_ENABLE_OBJC_ARC = YES;
				CLANG_ENABLE_OBJC_WEAK = YES;
				CLANG_WARN_BLOCK_CAPTURE_AUTORELEASING = YES;
				CLANG_WARN_BOOL_CONVERSION = YES;
				CLANG_WARN_COMMA = YES;
				CLANG_WARN_CONSTANT_CONVERSION = YES;
				CLANG_WARN_DEPRECATED_OBJC_IMPLEMENTATIONS = YES;
				CLANG_WARN_DIRECT_OBJC_ISA_USAGE = YES_ERROR;
				CLANG_WARN_DOCUMENTATION_COMMENTS = YES;
				CLANG_WARN_EMPTY_BODY = YES;
				CLANG_WARN_ENUM_CONVERSION = YES;
				CLANG_WARN_INFINITE_RECURSION = YES;
				CLANG_WARN_INT_CONVERSION = YES;
				CLANG_WARN_NON_LITERAL_NULL_CONVERSION = YES;
				CLANG_WARN_OBJC_IMPLICIT_RETAIN_SELF = YES;
				CLANG_WARN_OBJC_LITERAL_CONVERSION = YES;
				CLANG_WARN_OBJC_ROOT_CLASS = YES_ERROR;
				CLANG_WARN_QUOTED_INCLUDE_IN_FRAMEWORK_HEADER = YES;
				CLANG_WARN_RANGE_LOOP_ANALYSIS = YES;
				CLANG_WARN_STRICT_PROTOTYPES = YES;
				CLANG_WARN_SUSPICIOUS_MOVE = YES;
				CLANG_WARN_UNGUARDED_AVAILABILITY = YES_AGGRESSIVE;
				CLANG_WARN_UNREACHABLE_CODE = YES;
				CLANG_WARN__DUPLICATE_METHOD_MATCH = YES;
				COPY_PHASE_STRIP = NO;
				DEBUG_INFORMATION_FORMAT = "dwarf-with-dsym";
				ENABLE_NS_ASSERTIONS = NO;
				ENABLE_STRICT_OBJC_MSGSEND = YES;
				GCC_C_LANGUAGE_STANDARD = gnu11;
				GCC_NO_COMMON_BLOCKS = YES;
				GCC_WARN_64_TO_32_BIT_CONVERSION = YES;
				GCC_WARN_ABOUT_RETURN_TYPE = YES_ERROR;
				GCC_WARN_UNDECLARED_SELECTOR = YES;
				GCC_WARN_UNINITIALIZED_AUTOS = YES_AGGRESSIVE;
				GCC_WARN_UNUSED_FUNCTION = YES;
				GCC_WARN_UNUSED_VARIABLE = YES;
				IPHONEOS_DEPLOYMENT_TARGET = 14.3;
				MTL_ENABLE_DEBUG_INFO = NO;
				MTL_FAST_MATH = YES;
				SDKROOT = iphoneos;
				SWIFT_COMPILATION_MODE = wholemodule;
				SWIFT_OPTIMIZATION_LEVEL = "-O";
				VALIDATE_PRODUCT = YES;
			};
			name = Release;
		};
		7E4056F125B19F0500DCBBF2 /* Debug */ = {
			isa = XCBuildConfiguration;
			buildSettings = {
				ASSETCATALOG_COMPILER_APPICON_NAME = AppIcon;
				ASSETCATALOG_COMPILER_GLOBAL_ACCENT_COLOR_NAME = AccentColor;
				CODE_SIGN_STYLE = Automatic;
				DEVELOPMENT_TEAM = R834SF9E2D;
				INFOPLIST_FILE = BindingWithCell/Info.plist;
				LD_RUNPATH_SEARCH_PATHS = (
					"$(inherited)",
					"@executable_path/Frameworks",
				);
				PRODUCT_BUNDLE_IDENTIFIER = com.makeeyaf.BindingWithCell;
				PRODUCT_NAME = "$(TARGET_NAME)";
				SWIFT_VERSION = 5.0;
				TARGETED_DEVICE_FAMILY = "1,2";
			};
			name = Debug;
		};
		7E4056F225B19F0500DCBBF2 /* Release */ = {
			isa = XCBuildConfiguration;
			buildSettings = {
				ASSETCATALOG_COMPILER_APPICON_NAME = AppIcon;
				ASSETCATALOG_COMPILER_GLOBAL_ACCENT_COLOR_NAME = AccentColor;
				CODE_SIGN_STYLE = Automatic;
				DEVELOPMENT_TEAM = R834SF9E2D;
				INFOPLIST_FILE = BindingWithCell/Info.plist;
				LD_RUNPATH_SEARCH_PATHS = (
					"$(inherited)",
					"@executable_path/Frameworks",
				);
				PRODUCT_BUNDLE_IDENTIFIER = com.makeeyaf.BindingWithCell;
				PRODUCT_NAME = "$(TARGET_NAME)";
				SWIFT_VERSION = 5.0;
				TARGETED_DEVICE_FAMILY = "1,2";
			};
			name = Release;
		};
/* End XCBuildConfiguration section */

/* Begin XCConfigurationList section */
		7E4056D725B19F0500DCBBF2 /* Build configuration list for PBXProject "BindingWithCell" */ = {
			isa = XCConfigurationList;
			buildConfigurations = (
				7E4056EE25B19F0500DCBBF2 /* Debug */,
				7E4056EF25B19F0500DCBBF2 /* Release */,
			);
			defaultConfigurationIsVisible = 0;
			defaultConfigurationName = Release;
		};
		7E4056F025B19F0500DCBBF2 /* Build configuration list for PBXNativeTarget "BindingWithCell" */ = {
			isa = XCConfigurationList;
			buildConfigurations = (
				7E4056F125B19F0500DCBBF2 /* Debug */,
				7E4056F225B19F0500DCBBF2 /* Release */,
			);
			defaultConfigurationIsVisible = 0;
			defaultConfigurationName = Release;
		};
/* End XCConfigurationList section */

/* Begin XCRemoteSwiftPackageReference section */
		7E690BBA25B19F65002FBF80 /* XCRemoteSwiftPackageReference "RxSwift" */ = {
			isa = XCRemoteSwiftPackageReference;
			repositoryURL = "https://github.com/ReactiveX/RxSwift.git";
			requirement = {
				kind = upToNextMajorVersion;
				minimumVersion = 6.0.0;
			};
		};
/* End XCRemoteSwiftPackageReference section */

/* Begin XCSwiftPackageProductDependency section */
		7E690BBB25B19F65002FBF80 /* RxSwift */ = {
			isa = XCSwiftPackageProductDependency;
			package = 7E690BBA25B19F65002FBF80 /* XCRemoteSwiftPackageReference "RxSwift" */;
			productName = RxSwift;
		};
		7E690BBD25B19F65002FBF80 /* RxCocoa */ = {
			isa = XCSwiftPackageProductDependency;
			package = 7E690BBA25B19F65002FBF80 /* XCRemoteSwiftPackageReference "RxSwift" */;
			productName = RxCocoa;
		};
		7E690BBF25B19F65002FBF80 /* RxRelay */ = {
			isa = XCSwiftPackageProductDependency;
			package = 7E690BBA25B19F65002FBF80 /* XCRemoteSwiftPackageReference "RxSwift" */;
			productName = RxRelay;
		};
/* End XCSwiftPackageProductDependency section */
	};
	rootObject = 7E4056D425B19F0500DCBBF2 /* Project object */;
}
